{
  "lib/forge-std": {
    "rev": "b8f065fda83b8cd94a6b2fec8fcd911dc3b444fd"
  },
  "lib/openzeppelin-contracts": {
    "rev": "dc44c9f1a4c3b10af99492eed84f83ed244203f6"
  },
  "lib/rain.intorastring": {
    "rev": "82bc048226050a0e33c01c9f4282f3349a27e491"
  },
  "lib/rain.lib.hash": {
    "rev": "97609eecc66fe2e30f37e48834eed4a71304af32"
  },
  "lib/rain.lib.typecast": {
    "rev": "6bf6e0e63bfbff37d9057332ff042a8158397681"
  },
  "lib/rain.math.binary": {
    "rev": "54450d62a89be456d07db1b9508f3b8a24dbb5f8"
  },
  "lib/rain.math.float": {
    "rev": "78e15cb91b5c12ccacda8c8772a28eeb21f5b7d3"
  },
  "lib/rain.sol.codegen": {
    "rev": "769792d577a7ecae954a7cdd64a222b8d6fe450d"
  },
  "lib/rain.solmem": {
    "rev": "0b2e688e2f3ea84891fd43012fbdc696ac220218"
  }
}