{
  "lib/forge-std": {
    "rev": "1801b0541f4fda118a10798fd3486bb7051c5dd6"
  },
  "lib/openzeppelin-contracts": {
    "rev": "fcbae5394ae8ad52d8e580a3477db99814b9d565"
  },
  "lib/rain.intorastring": {
    "rev": "a494f480aa480539b524a255a151d55f667b372f"
  },
  "lib/rain.lib.hash": {
    "rev": "9677b7063fc9ae8c580636760474719d910c2134"
  },
  "lib/rain.lib.typecast": {
    "rev": "1eaa22e7290f97903daed752aa28d0d646e0199b"
  },
  "lib/rain.math.binary": {
    "rev": "f44f846a43928ba0a7ed4a7bb810a8933e23cce1"
  },
  "lib/rain.math.float": {
    "rev": "150f48bb909dd5f8970726d515c87c5257107699"
  },
  "lib/rain.sol.codegen": {
    "rev": "bd7993b3f6b301e5a667ff687f25b80fdda878cd"
  },
  "lib/rain.solmem": {
    "rev": "f28da2f09d42d154783cb53c138a7ef2f3a9eb4a"
  }
}