{
  "lib/forge-std": {
    "rev": "17a9b2398a7d629931dc66a168a098d051d53dc6"
  },
  "lib/openzeppelin-contracts": {
    "rev": "dc44c9f1a4c3b10af99492eed84f83ed244203f6"
  },
  "lib/rain.intorastring": {
    "rev": "e93a36d3f3814850a91eff75d7129dfcbaaf0cd5"
  },
  "lib/rain.lib.hash": {
    "rev": "d130af03ed5215b314499578486708095d08a918"
  },
  "lib/rain.lib.typecast": {
    "rev": "9c533a0a0080d2edca6033c4a9b924afc635e41b"
  },
  "lib/rain.math.binary": {
    "rev": "d4fea34509c8b2ed5411aff28233e4c52549b62d"
  },
  "lib/rain.math.float": {
    "rev": "6358302e92a7048faf0792a8e3dab95f46b3b801"
  },
  "lib/rain.sol.codegen": {
    "rev": "d9e500412bab7fd21008e1fbf1a8ecd79f2f898e"
  },
  "lib/rain.solmem": {
    "rev": "314af4305303204e94fbee80e7e220d1569c45bb"
  }
}